
Microsoft Visual Studio Solution File, Format Version 12.00
# Visual Studio Version 17
VisualStudioVersion = 17.4.33403.182
MinimumVisualStudioVersion = 10.0.40219.1
Project("{8BC9CEB8-8B4A-11D0-8D11-00A0C91BC942}") = "YANG Chat", "YANG Chat\YANG Chat.vcxproj", "{105FD556-55C2-460A-B7CA-F0E2F437A770}"
EndProject
Global
	GlobalSection(SolutionConfigurationPlatforms) = preSolution
		Debug|x64 = Debug|x64
		Debug|x86 = Debug|x86
		Release|x64 = Release|x64
		Release|x86 = Release|x86
	EndGlobalSection
	GlobalSection(ProjectConfigurationPlatforms) = postSolution
		{105FD556-55C2-460A-B7CA-F0E2F437A770}.Debug|x64.ActiveCfg = Debug|x64
		{105FD556-55C2-460A-B7CA-F0E2F437A770}.Debug|x64.Build.0 = Debug|x64
		{105FD556-55C2-460A-B7CA-F0E2F437A770}.Debug|x86.ActiveCfg = Debug|Win32
		{105FD556-55C2-460A-B7CA-F0E2F437A770}.Debug|x86.Build.0 = Debug|Win32
		{105FD556-55C2-460A-B7CA-F0E2F437A770}.Release|x64.ActiveCfg = Release|x64
		{105FD556-55C2-460A-B7CA-F0E2F437A770}.Release|x64.Build.0 = Release|x64
		{105FD556-55C2-460A-B7CA-F0E2F437A770}.Release|x86.ActiveCfg = Release|Win32
		{105FD556-55C2-460A-B7CA-F0E2F437A770}.Release|x86.Build.0 = Release|Win32
	EndGlobalSection
	GlobalSection(SolutionProperties) = preSolution
		HideSolutionNode = FALSE
	EndGlobalSection
	GlobalSection(ExtensibilityGlobals) = postSolution
		SolutionGuid = {9EEA59B3-CEBC-4A50-BA95-E7C0E4CFBFF8}
	EndGlobalSection
EndGlobal
